
Microsoft Visual Studio Solution File, Format Version 12.00
# Visual Studio 15
VisualStudioVersion = 15.0.28010.2019
MinimumVisualStudioVersion = 10.0.40219.1
Project("{9A19103F-16F7-4668-BE54-9A1E7A4F7556}") = "kore_api", "kore_api\kore_api.csproj", "{B6038026-C2CF-4DB5-B306-E7FB9BFFEDFB}"
EndProject
Global
	GlobalSection(SolutionConfigurationPlatforms) = preSolution
		Debug|Any CPU = Debug|Any CPU
		Release|Any CPU = Release|Any CPU
	EndGlobalSection
	GlobalSection(ProjectConfigurationPlatforms) = postSolution
		{B6038026-C2CF-4DB5-B306-E7FB9BFFEDFB}.Debug|Any CPU.ActiveCfg = Debug|Any CPU
		{B6038026-C2CF-4DB5-B306-E7FB9BFFEDFB}.Debug|Any CPU.Build.0 = Debug|Any CPU
		{B6038026-C2CF-4DB5-B306-E7FB9BFFEDFB}.Release|Any CPU.ActiveCfg = Release|Any CPU
		{B6038026-C2CF-4DB5-B306-E7FB9BFFEDFB}.Release|Any CPU.Build.0 = Release|Any CPU
	EndGlobalSection
	GlobalSection(SolutionProperties) = preSolution
		HideSolutionNode = FALSE
	EndGlobalSection
	GlobalSection(ExtensibilityGlobals) = postSolution
		SolutionGuid = {C1016045-6739-4F2B-9B37-1509DD1889C4}
	EndGlobalSection
EndGlobal
